{
  "name": "fusion-tic-tac-toe",
  "version": "1.0.0",
  "lockfileVersion": 3,
  "requires": true,
  "packages": {
    "": {
      "name": "fusion-tic-tac-toe",
      "version": "1.0.0",
      "license": "ISC",
      "workspaces": [
        "packages/*"
      ]
    },
    "node_modules/@fusion-tic-tac-toe/client": {
      "resolved": "packages/client",
      "link": true
    },
    "node_modules/@fusion-tic-tac-toe/mock-server": {
      "resolved": "packages/mock-server",
      "link": true
    },
    "node_modules/@fusion-tic-tac-toe/server": {
      "resolved": "packages/server",
      "link": true
    },
    "node_modules/@fusion-tic-tac-toe/shared": {
      "resolved": "packages/shared",
      "link": true
    },
    "packages/client": {
      "name": "@fusion-tic-tac-toe/client",
      "version": "0.0.1"
    },
    "packages/mock-server": {
      "name": "@fusion-tic-tac-toe/mock-server",
      "version": "0.0.1"
    },
    "packages/server": {
      "name": "@fusion-tic-tac-toe/server",
      "version": "0.0.1"
    },
    "packages/shared": {
      "name": "@fusion-tic-tac-toe/shared",
      "version": "0.0.1"
    }
  }
}
